// !$*UTF8*$!
{
	archiveVersion = 1;
	classes = {
	};
	objectVersion = 77;
	objects = {

/* Begin PBXContainerItemProxy section */
		3AB0A12D2DE1C330000AA503 /* PBXContainerItemProxy */ = {
			isa = PBXContainerItemProxy;
			containerPortal = 3AB0A1162DE1C32E000AA503 /* Project object */;
			proxyType = 1;
			remoteGlobalIDString = 3AB0A11D2DE1C32E000AA503;
			remoteInfo = OpenRouterCreditMenuBar;
		};
		3AB0A1372DE1C330000AA503 /* PBXContainerItemProxy */ = {
			isa = PBXContainerItemProxy;
			containerPortal = 3AB0A1162DE1C32E000AA503 /* Project object */;
			proxyType = 1;
			remoteGlobalIDString = 3AB0A11D2DE1C32E000AA503;
			remoteInfo = OpenRouterCreditMenuBar;
		};
/* End PBXContainerItemProxy section */

/* Begin PBXFileReference section */
		3AB0A11E2DE1C32E000AA503 /* OpenRouterCreditMenuBar.app */ = {isa = PBXFileReference; explicitFileType = wrapper.application; includeInIndex = 0; path = OpenRouterCreditMenuBar.app; sourceTree = BUILT_PRODUCTS_DIR; };
		3AB0A12C2DE1C330000AA503 /* OpenRouterCreditMenuBarTests.xctest */ = {isa = PBXFileReference; explicitFileType = wrapper.cfbundle; includeInIndex = 0; path = OpenRouterCreditMenuBarTests.xctest; sourceTree = BUILT_PRODUCTS_DIR; };
		3AB0A1362DE1C330000AA503 /* OpenRouterCreditMenuBarUITests.xctest */ = {isa = PBXFileReference; explicitFileType = wrapper.cfbundle; includeInIndex = 0; path = OpenRouterCreditMenuBarUITests.xctest; sourceTree = BUILT_PRODUCTS_DIR; };
/* End PBXFileReference section */

/* Begin PBXFileSystemSynchronizedBuildFileExceptionSet section */
		3AB0A1552DE1C5EF000AA503 /* Exceptions for "OpenRouterCreditMenuBar" folder in "OpenRouterCreditMenuBar" target */ = {
			isa = PBXFileSystemSynchronizedBuildFileExceptionSet;
			membershipExceptions = (
				Info.plist,
			);
			target = 3AB0A11D2DE1C32E000AA503 /* OpenRouterCreditMenuBar */;
		};
/* End PBXFileSystemSynchronizedBuildFileExceptionSet section */

/* Begin PBXFileSystemSynchronizedRootGroup section */
		21B1007B306F4C5800FCB584 /* References */ = {
			isa = PBXFileSystemSynchronizedRootGroup;
			path = References;
			sourceTree = "<group>";
		};
		3AB0A1202DE1C32E000AA503 /* OpenRouterCreditMenuBar */ = {
			isa = PBXFileSystemSynchronizedRootGroup;
			exceptions = (
				3AB0A1552DE1C5EF000AA503 /* Exceptions for "OpenRouterCreditMenuBar" folder in "OpenRouterCreditMenuBar" target */,
			);
			path = OpenRouterCreditMenuBar;
			sourceTree = "<group>";
		};
		3AB0A12F2DE1C330000AA503 /* OpenRouterCreditMenuBarTests */ = {
			isa = PBXFileSystemSynchronizedRootGroup;
			path = OpenRouterCreditMenuBarTests;
			sourceTree = "<group>";
		};
		3AB0A1392DE1C330000AA503 /* OpenRouterCreditMenuBarUITests */ = {
			isa = PBXFileSystemSynchronizedRootGroup;
			path = OpenRouterCreditMenuBarUITests;
			sourceTree = "<group>";
		};
/* End PBXFileSystemSynchronizedRootGroup section */

/* Begin PBXFrameworksBuildPhase section */
		3AB0A11B2DE1C32E000AA503 /* Frameworks */ = {
			isa = PBXFrameworksBuildPhase;
			buildActionMask = 2147483647;
			files = (
			);
			runOnlyForDeploymentPostprocessing = 0;
		};
		3AB0A1292DE1C330000AA503 /* Frameworks */ = {
			isa = PBXFrameworksBuildPhase;
			buildActionMask = 2147483647;
			files = (
			);
			runOnlyForDeploymentPostprocessing = 0;
		};
		3AB0A1332DE1C330000AA503 /* Frameworks */ = {
			isa = PBXFrameworksBuildPhase;
			buildActionMask = 2147483647;
			files = (
			);
			runOnlyForDeploymentPostprocessing = 0;
		};
/* End PBXFrameworksBuildPhase section */

/* Begin PBXGroup section */
		3AB0A1152DE1C32E000AA503 = {
			isa = PBXGroup;
			children = (
				21B1007B306F4C5800FCB584 /* References */,
				3AB0A1202DE1C32E000AA503 /* OpenRouterCreditMenuBar */,
				3AB0A12F2DE1C330000AA503 /* OpenRouterCreditMenuBarTests */,
				3AB0A1392DE1C330000AA503 /* OpenRouterCreditMenuBarUITests */,
				3AB0A11F2DE1C32E000AA503 /* Products */,
			);
			sourceTree = "<group>";
		};
		3AB0A11F2DE1C32E000AA503 /* Products */ = {
			isa = PBXGroup;
			children = (
				3AB0A11E2DE1C32E000AA503 /* OpenRouterCreditMenuBar.app */,
				3AB0A12C2DE1C330000AA503 /* OpenRouterCreditMenuBarTests.xctest */,
				3AB0A1362DE1C330000AA503 /* OpenRouterCreditMenuBarUITests.xctest */,
			);
			name = Products;
			sourceTree = "<group>";
		};
/* End PBXGroup section */

/* Begin PBXNativeTarget section */
		3AB0A11D2DE1C32E000AA503 /* OpenRouterCreditMenuBar */ = {
			isa = PBXNativeTarget;
			buildConfigurationList = 3AB0A1402DE1C330000AA503 /* Build configuration list for PBXNativeTarget "OpenRouterCreditMenuBar" */;
			buildPhases = (
				3AB0A11A2DE1C32E000AA503 /* Sources */,
				3AB0A11B2DE1C32E000AA503 /* Frameworks */,
				3AB0A11C2DE1C32E000AA503 /* Resources */,
			);
			buildRules = (
			);
			dependencies = (
			);
			fileSystemSynchronizedGroups = (
				21B1007B306F4C5800FCB584 /* References */,
				3AB0A1202DE1C32E000AA503 /* OpenRouterCreditMenuBar */,
			);
			name = OpenRouterCreditMenuBar;
			packageProductDependencies = (
			);
			productName = OpenRouterCreditMenuBar;
			productReference = 3AB0A11E2DE1C32E000AA503 /* OpenRouterCreditMenuBar.app */;
			productType = "com.apple.product-type.application";
		};
		3AB0A12B2DE1C330000AA503 /* OpenRouterCreditMenuBarTests */ = {
			isa = PBXNativeTarget;
			buildConfigurationList = 3AB0A1432DE1C330000AA503 /* Build configuration list for PBXNativeTarget "OpenRouterCreditMenuBarTests" */;
			buildPhases = (
				3AB0A1282DE1C330000AA503 /* Sources */,
				3AB0A1292DE1C330000AA503 /* Frameworks */,
				3AB0A12A2DE1C330000AA503 /* Resources */,
			);
			buildRules = (
			);
			dependencies = (
				3AB0A12E2DE1C330000AA503 /* PBXTargetDependency */,
			);
			fileSystemSynchronizedGroups = (
				3AB0A12F2DE1C330000AA503 /* OpenRouterCreditMenuBarTests */,
			);
			name = OpenRouterCreditMenuBarTests;
			packageProductDependencies = (
			);
			productName = OpenRouterCreditMenuBarTests;
			productReference = 3AB0A12C2DE1C330000AA503 /* OpenRouterCreditMenuBarTests.xctest */;
			productType = "com.apple.product-type.bundle.unit-test";
		};
		3AB0A1352DE1C330000AA503 /* OpenRouterCreditMenuBarUITests */ = {
			isa = PBXNativeTarget;
			buildConfigurationList = 3AB0A1462DE1C330000AA503 /* Build configuration list for PBXNativeTarget "OpenRouterCreditMenuBarUITests" */;
			buildPhases = (
				3AB0A1322DE1C330000AA503 /* Sources */,
				3AB0A1332DE1C330000AA503 /* Frameworks */,
				3AB0A1342DE1C330000AA503 /* Resources */,
			);
			buildRules = (
			);
			dependencies = (
				3AB0A1382DE1C330000AA503 /* PBXTargetDependency */,
			);
			fileSystemSynchronizedGroups = (
				3AB0A1392DE1C330000AA503 /* OpenRouterCreditMenuBarUITests */,
			);
			name = OpenRouterCreditMenuBarUITests;
			packageProductDependencies = (
			);
			productName = OpenRouterCreditMenuBarUITests;
			productReference = 3AB0A1362DE1C330000AA503 /* OpenRouterCreditMenuBarUITests.xctest */;
			productType = "com.apple.product-type.bundle.ui-testing";
		};
/* End PBXNativeTarget section */

/* Begin PBXProject section */
		3AB0A1162DE1C32E000AA503 /* Project object */ = {
			isa = PBXProject;
			attributes = {
				BuildIndependentTargetsInParallel = 1;
				LastSwiftUpdateCheck = 1630;
				LastUpgradeCheck = 2700;
				TargetAttributes = {
					3AB0A11D2DE1C32E000AA503 = {
						CreatedOnToolsVersion = 16.3;
					};
					3AB0A12B2DE1C330000AA503 = {
						CreatedOnToolsVersion = 16.3;
						TestTargetID = 3AB0A11D2DE1C32E000AA503;
					};
					3AB0A1352DE1C330000AA503 = {
						CreatedOnToolsVersion = 16.3;
						TestTargetID = 3AB0A11D2DE1C32E000AA503;
					};
				};
			};
			buildConfigurationList = 3AB0A1192DE1C32E000AA503 /* Build configuration list for PBXProject "OpenRouterCreditMenuBar" */;
			developmentRegion = en;
			hasScannedForEncodings = 0;
			knownRegions = (
				en,
				Base,
			);
			mainGroup = 3AB0A1152DE1C32E000AA503;
			minimizedProjectReferenceProxies = 1;
			preferredProjectObjectVersion = 77;
			productRefGroup = 3AB0A11F2DE1C32E000AA503 /* Products */;
			projectDirPath = "";
			projectRoot = "";
			targets = (
				3AB0A11D2DE1C32E000AA503 /* OpenRouterCreditMenuBar */,
				3AB0A12B2DE1C330000AA503 /* OpenRouterCreditMenuBarTests */,
				3AB0A1352DE1C330000AA503 /* OpenRouterCreditMenuBarUITests */,
			);
		};
/* End PBXProject section */

/* Begin PBXResourcesBuildPhase section */
		3AB0A11C2DE1C32E000AA503 /* Resources */ = {
			isa = PBXResourcesBuildPhase;
			buildActionMask = 2147483647;
			files = (
			);
			runOnlyForDeploymentPostprocessing = 0;
		};
		3AB0A12A2DE1C330000AA503 /* Resources */ = {
			isa = PBXResourcesBuildPhase;
			buildActionMask = 2147483647;
			files = (
			);
			runOnlyForDeploymentPostprocessing = 0;
		};
		3AB0A1342DE1C330000AA503 /* Resources */ = {
			isa = PBXResourcesBuildPhase;
			buildActionMask = 2147483647;
			files = (
			);
			runOnlyForDeploymentPostprocessing = 0;
		};
/* End PBXResourcesBuildPhase section */

/* Begin PBXSourcesBuildPhase section */
		3AB0A11A2DE1C32E000AA503 /* Sources */ = {
			isa = PBXSourcesBuildPhase;
			buildActionMask = 2147483647;
			files = (
			);
			runOnlyForDeploymentPostprocessing = 0;
		};
		3AB0A1282DE1C330000AA503 /* Sources */ = {
			isa = PBXSourcesBuildPhase;
			buildActionMask = 2147483647;
			files = (
			);
			runOnlyForDeploymentPostprocessing = 0;
		};
		3AB0A1322DE1C330000AA503 /* Sources */ = {
			isa = PBXSourcesBuildPhase;
			buildActionMask = 2147483647;
			files = (
			);
			runOnlyForDeploymentPostprocessing = 0;
		};
/* End PBXSourcesBuildPhase section */

/* Begin PBXTargetDependency section */
		3AB0A12E2DE1C330000AA503 /* PBXTargetDependency */ = {
			isa = PBXTargetDependency;
			target = 3AB0A11D2DE1C32E000AA503 /* OpenRouterCreditMenuBar */;
			targetProxy = 3AB0A12D2DE1C330000AA503 /* PBXContainerItemProxy */;
		};
		3AB0A1382DE1C330000AA503 /* PBXTargetDependency */ = {
			isa = PBXTargetDependency;
			target = 3AB0A11D2DE1C32E000AA503 /* OpenRouterCreditMenuBar */;
			targetProxy = 3AB0A1372DE1C330000AA503 /* PBXContainerItemProxy */;
		};
/* End PBXTargetDependency section */

/* Begin XCBuildConfiguration section */
		3AB0A13E2DE1C330000AA503 /* Debug */ = {
			isa = XCBuildConfiguration;
			buildSettings = {
				ALWAYS_SEARCH_USER_PATHS = NO;
				ASSETCATALOG_COMPILER_GENERATE_SWIFT_ASSET_SYMBOL_EXTENSIONS = YES;
				CLANG_ANALYZER_NONNULL = YES;
				CLANG_ANALYZER_NUMBER_OBJECT_CONVERSION = YES_AGGRESSIVE;
				CLANG_CXX_LANGUAGE_STANDARD = "gnu++20";
				CLANG_ENABLE_MODULES = YES;
				CLANG_ENABLE_OBJC_ARC = YES;
				CLANG_ENABLE_OBJC_WEAK = YES;
				CLANG_WARN_BLOCK_CAPTURE_AUTORELEASING = YES;
				CLANG_WARN_BOOL_CONVERSION = YES;
				CLANG_WARN_COMMA = YES;
				CLANG_WARN_CONSTANT_CONVERSION = YES;
				CLANG_WARN_DEPRECATED_OBJC_IMPLEMENTATIONS = YES;
				CLANG_WARN_DIRECT_OBJC_ISA_USAGE = YES_ERROR;
				CLANG_WARN_DOCUMENTATION_COMMENTS = YES;
				CLANG_WARN_EMPTY_BODY = YES;
				CLANG_WARN_ENUM_CONVERSION = YES;
				CLANG_WARN_INFINITE_RECURSION = YES;
				CLANG_WARN_INT_CONVERSION = YES;
				CLANG_WARN_NON_LITERAL_NULL_CONVERSION = YES;
				CLANG_WARN_OBJC_IMPLICIT_RETAIN_SELF = YES;
				CLANG_WARN_OBJC_LITERAL_CONVERSION = YES;
				CLANG_WARN_OBJC_ROOT_CLASS = YES_ERROR;
				CLANG_WARN_QUOTED_INCLUDE_IN_FRAMEWORK_HEADER = YES;
				CLANG_WARN_RANGE_LOOP_ANALYSIS = YES;
				CLANG_WARN_STRICT_PROTOTYPES = YES;
				CLANG_WARN_SUSPICIOUS_MOVE = YES;
				CLANG_WARN_UNGUARDED_AVAILABILITY = YES_AGGRESSIVE;
				CLANG_WARN_UNREACHABLE_CODE = YES;
				CLANG_WARN__DUPLICATE_METHOD_MATCH = YES;
				COPY_PHASE_STRIP = NO;
				DEAD_CODE_STRIPPING = YES;
				DEBUG_INFORMATION_FORMAT = dwarf;
				DEVELOPMENT_TEAM = CV7J4HNG7T;
				ENABLE_STRICT_OBJC_MSGSEND = YES;
				ENABLE_TESTABILITY = YES;
				ENABLE_USER_SCRIPT_SANDBOXING = YES;
				GCC_C_LANGUAGE_STANDARD = gnu17;
				GCC_DYNAMIC_NO_PIC = NO;
				GCC_NO_COMMON_BLOCKS = YES;
				GCC_OPTIMIZATION_LEVEL = 0;
				GCC_PREPROCESSOR_DEFINITIONS = (
					"DEBUG=1",
					"$(inherited)",
				);
				GCC_WARN_64_TO_32_BIT_CONVERSION = YES;
				GCC_WARN_ABOUT_RETURN_TYPE = YES_ERROR;
				GCC_WARN_UNDECLARED_SELECTOR = YES;
				GCC_WARN_UNINITIALIZED_AUTOS = YES_AGGRESSIVE;
				GCC_WARN_UNUSED_FUNCTION = YES;
				GCC_WARN_UNUSED_VARIABLE = YES;
				LOCALIZATION_PREFERS_STRING_CATALOGS = YES;
				MACOSX_DEPLOYMENT_TARGET = 15.4;
				MTL_ENABLE_DEBUG_INFO = INCLUDE_SOURCE;
				MTL_FAST_MATH = YES;
				ONLY_ACTIVE_ARCH = YES;
				SDKROOT = macosx;
				STRING_CATALOG_GENERATE_SYMBOLS = YES;
				SWIFT_ACTIVE_COMPILATION_CONDITIONS = "DEBUG $(inherited)";
				SWIFT_OPTIMIZATION_LEVEL = "-Onone";
			};
			name = Debug;
		};
		3AB0A13F2DE1C330000AA503 /* Release */ = {
			isa = XCBuildConfiguration;
			buildSettings = {
				ALWAYS_SEARCH_USER_PATHS = NO;
				ASSETCATALOG_COMPILER_GENERATE_SWIFT_ASSET_SYMBOL_EXTENSIONS = YES;
				CLANG_ANALYZER_NONNULL = YES;
				CLANG_ANALYZER_NUMBER_OBJECT_CONVERSION = YES_AGGRESSIVE;
				CLANG_CXX_LANGUAGE_STANDARD = "gnu++20";
				CLANG_ENABLE_MODULES = YES;
				CLANG_ENABLE_OBJC_ARC = YES;
				CLANG_ENABLE_OBJC_WEAK = YES;
				CLANG_WARN_BLOCK_CAPTURE_AUTORELEASING = YES;
				CLANG_WARN_BOOL_CONVERSION = YES;
				CLANG_WARN_COMMA = YES;
				CLANG_WARN_CONSTANT_CONVERSION = YES;
				CLANG_WARN_DEPRECATED_OBJC_IMPLEMENTATIONS = YES;
				CLANG_WARN_DIRECT_OBJC_ISA_USAGE = YES_ERROR;
				CLANG_WARN_DOCUMENTATION_COMMENTS = YES;
				CLANG_WARN_EMPTY_BODY = YES;
				CLANG_WARN_ENUM_CONVERSION = YES;
				CLANG_WARN_INFINITE_RECURSION = YES;
				CLANG_WARN_INT_CONVERSION = YES;
				CLANG_WARN_NON_LITERAL_NULL_CONVERSION = YES;
				CLANG_WARN_OBJC_IMPLICIT_RETAIN_SELF = YES;
				CLANG_WARN_OBJC_LITERAL_CONVERSION = YES;
				CLANG_WARN_OBJC_ROOT_CLASS = YES_ERROR;
				CLANG_WARN_QUOTED_INCLUDE_IN_FRAMEWORK_HEADER = YES;
				CLANG_WARN_RANGE_LOOP_ANALYSIS = YES;
				CLANG_WARN_STRICT_PROTOTYPES = YES;
				CLANG_WARN_SUSPICIOUS_MOVE = YES;
				CLANG_WARN_UNGUARDED_AVAILABILITY = YES_AGGRESSIVE;
				CLANG_WARN_UNREACHABLE_CODE = YES;
				CLANG_WARN__DUPLICATE_METHOD_MATCH = YES;
				COPY_PHASE_STRIP = NO;
				DEAD_CODE_STRIPPING = YES;
				DEBUG_INFORMATION_FORMAT = "dwarf-with-dsym";
				DEVELOPMENT_TEAM = CV7J4HNG7T;
				ENABLE_NS_ASSERTIONS = NO;
				ENABLE_STRICT_OBJC_MSGSEND = YES;
				ENABLE_USER_SCRIPT_SANDBOXING = YES;
				GCC_C_LANGUAGE_STANDARD = gnu17;
				GCC_NO_COMMON_BLOCKS = YES;
				GCC_WARN_64_TO_32_BIT_CONVERSION = YES;
				GCC_WARN_ABOUT_RETURN_TYPE = YES_ERROR;
				GCC_WARN_UNDECLARED_SELECTOR = YES;
				GCC_WARN_UNINITIALIZED_AUTOS = YES_AGGRESSIVE;
				GCC_WARN_UNUSED_FUNCTION = YES;
				GCC_WARN_UNUSED_VARIABLE = YES;
				LOCALIZATION_PREFERS_STRING_CATALOGS = YES;
				MACOSX_DEPLOYMENT_TARGET = 15.4;
				MTL_ENABLE_DEBUG_INFO = NO;
				MTL_FAST_MATH = YES;
				SDKROOT = macosx;
				STRING_CATALOG_GENERATE_SYMBOLS = YES;
				SWIFT_COMPILATION_MODE = wholemodule;
			};
			name = Release;
		};
		3AB0A1412DE1C330000AA503 /* Debug */ = {
			isa = XCBuildConfiguration;
			buildSettings = {
				ASSETCATALOG_COMPILER_APPICON_NAME = AppIcon;
				ASSETCATALOG_COMPILER_GLOBAL_ACCENT_COLOR_NAME = AccentColor;
				CODE_SIGN_ENTITLEMENTS = OpenRouterCreditMenuBar/OpenRouterCreditMenuBar.entitlements;
				"CODE_SIGN_IDENTITY[sdk=macosx*]" = "-";
				CODE_SIGN_STYLE = Manual;
				COMBINE_HIDPI_IMAGES = YES;
				CURRENT_PROJECT_VERSION = 1;
				DEAD_CODE_STRIPPING = YES;
				DEVELOPMENT_TEAM = "";
				ENABLE_HARDENED_RUNTIME = YES;
				ENABLE_PREVIEWS = YES;
				GENERATE_INFOPLIST_FILE = YES;
				INFOPLIST_FILE = OpenRouterCreditMenuBar/Info.plist;
				INFOPLIST_KEY_CFBundleDisplayName = "OpenRouter Credit";
				INFOPLIST_KEY_LSApplicationCategoryType = "public.app-category.utilities";
				INFOPLIST_KEY_NSHumanReadableCopyright = "";
				LD_RUNPATH_SEARCH_PATHS = (
					"$(inherited)",
					"@executable_path/../Frameworks",
				);
				MARKETING_VERSION = 1.0;
				PRODUCT_BUNDLE_IDENTIFIER = com.kttizz.OpenRouterCreditMenuBar;
				PRODUCT_NAME = "$(TARGET_NAME)";
				PROVISIONING_PROFILE_SPECIFIER = "";
				REGISTER_APP_GROUPS = YES;
				SWIFT_EMIT_LOC_STRINGS = YES;
				SWIFT_VERSION = 5.0;
			};
			name = Debug;
		};
		3AB0A1422DE1C330000AA503 /* Release */ = {
			isa = XCBuildConfiguration;
			buildSettings = {
				ASSETCATALOG_COMPILER_APPICON_NAME = AppIcon;
				ASSETCATALOG_COMPILER_GLOBAL_ACCENT_COLOR_NAME = AccentColor;
				CODE_SIGN_ENTITLEMENTS = OpenRouterCreditMenuBar/OpenRouterCreditMenuBar.entitlements;
				"CODE_SIGN_IDENTITY[sdk=macosx*]" = "-";
				CODE_SIGN_STYLE = Automatic;
				COMBINE_HIDPI_IMAGES = YES;
				CURRENT_PROJECT_VERSION = 1;
				DEAD_CODE_STRIPPING = YES;
				DEVELOPMENT_TEAM = "";
				ENABLE_HARDENED_RUNTIME = YES;
				ENABLE_PREVIEWS = YES;
				GENERATE_INFOPLIST_FILE = YES;
				INFOPLIST_FILE = OpenRouterCreditMenuBar/Info.plist;
				INFOPLIST_KEY_CFBundleDisplayName = "OpenRouter Credit";
				INFOPLIST_KEY_LSApplicationCategoryType = "public.app-category.utilities";
				INFOPLIST_KEY_NSHumanReadableCopyright = "";
				LD_RUNPATH_SEARCH_PATHS = (
					"$(inherited)",
					"@executable_path/../Frameworks",
				);
				MARKETING_VERSION = 1.0;
				PRODUCT_BUNDLE_IDENTIFIER = com.kttizz.OpenRouterCreditMenuBar;
				PRODUCT_NAME = "$(TARGET_NAME)";
				REGISTER_APP_GROUPS = YES;
				SWIFT_EMIT_LOC_STRINGS = YES;
				SWIFT_VERSION = 5.0;
			};
			name = Release;
		};
		3AB0A1442DE1C330000AA503 /* Debug */ = {
			isa = XCBuildConfiguration;
			buildSettings = {
				BUNDLE_LOADER = "$(TEST_HOST)";
				CODE_SIGN_STYLE = Manual;
				CURRENT_PROJECT_VERSION = 1;
				DEAD_CODE_STRIPPING = YES;
				DEVELOPMENT_TEAM = "";
				GENERATE_INFOPLIST_FILE = YES;
				MACOSX_DEPLOYMENT_TARGET = 15.4;
				MARKETING_VERSION = 1.0;
				PRODUCT_BUNDLE_IDENTIFIER = com.kttizz.OpenRouterCreditMenuBarTests;
				PRODUCT_NAME = "$(TARGET_NAME)";
				PROVISIONING_PROFILE_SPECIFIER = "";
				SWIFT_EMIT_LOC_STRINGS = NO;
				SWIFT_VERSION = 5.0;
				TEST_HOST = "$(BUILT_PRODUCTS_DIR)/OpenRouterCreditMenuBar.app/$(BUNDLE_EXECUTABLE_FOLDER_PATH)/OpenRouterCreditMenuBar";
			};
			name = Debug;
		};
		3AB0A1452DE1C330000AA503 /* Release */ = {
			isa = XCBuildConfiguration;
			buildSettings = {
				BUNDLE_LOADER = "$(TEST_HOST)";
				CODE_SIGN_STYLE = Automatic;
				CURRENT_PROJECT_VERSION = 1;
				DEAD_CODE_STRIPPING = YES;
				DEVELOPMENT_TEAM = "";
				GENERATE_INFOPLIST_FILE = YES;
				MACOSX_DEPLOYMENT_TARGET = 15.4;
				MARKETING_VERSION = 1.0;
				PRODUCT_BUNDLE_IDENTIFIER = com.kttizz.OpenRouterCreditMenuBarTests;
				PRODUCT_NAME = "$(TARGET_NAME)";
				SWIFT_EMIT_LOC_STRINGS = NO;
				SWIFT_VERSION = 5.0;
				TEST_HOST = "$(BUILT_PRODUCTS_DIR)/OpenRouterCreditMenuBar.app/$(BUNDLE_EXECUTABLE_FOLDER_PATH)/OpenRouterCreditMenuBar";
			};
			name = Release;
		};
		3AB0A1472DE1C330000AA503 /* Debug */ = {
			isa = XCBuildConfiguration;
			buildSettings = {
				CODE_SIGN_IDENTITY = "Apple Development";
				"CODE_SIGN_IDENTITY[sdk=macosx*]" = "-";
				CODE_SIGN_STYLE = Manual;
				CURRENT_PROJECT_VERSION = 1;
				DEAD_CODE_STRIPPING = YES;
				DEVELOPMENT_TEAM = "";
				GENERATE_INFOPLIST_FILE = YES;
				MARKETING_VERSION = 1.0;
				PRODUCT_BUNDLE_IDENTIFIER = com.kttizz.OpenRouterCreditMenuBarUITests;
				PRODUCT_NAME = "$(TARGET_NAME)";
				PROVISIONING_PROFILE_SPECIFIER = "";
				SWIFT_EMIT_LOC_STRINGS = NO;
				SWIFT_VERSION = 5.0;
				TEST_TARGET_NAME = OpenRouterCreditMenuBar;
			};
			name = Debug;
		};
		3AB0A1482DE1C330000AA503 /* Release */ = {
			isa = XCBuildConfiguration;
			buildSettings = {
				CODE_SIGN_STYLE = Automatic;
				CURRENT_PROJECT_VERSION = 1;
				DEAD_CODE_STRIPPING = YES;
				DEVELOPMENT_TEAM = "";
				GENERATE_INFOPLIST_FILE = YES;
				MARKETING_VERSION = 1.0;
				PRODUCT_BUNDLE_IDENTIFIER = com.kttizz.OpenRouterCreditMenuBarUITests;
				PRODUCT_NAME = "$(TARGET_NAME)";
				SWIFT_EMIT_LOC_STRINGS = NO;
				SWIFT_VERSION = 5.0;
				TEST_TARGET_NAME = OpenRouterCreditMenuBar;
			};
			name = Release;
		};
/* End XCBuildConfiguration section */

/* Begin XCConfigurationList section */
		3AB0A1192DE1C32E000AA503 /* Build configuration list for PBXProject "OpenRouterCreditMenuBar" */ = {
			isa = XCConfigurationList;
			buildConfigurations = (
				3AB0A13E2DE1C330000AA503 /* Debug */,
				3AB0A13F2DE1C330000AA503 /* Release */,
			);
			defaultConfigurationIsVisible = 0;
			defaultConfigurationName = Release;
		};
		3AB0A1402DE1C330000AA503 /* Build configuration list for PBXNativeTarget "OpenRouterCreditMenuBar" */ = {
			isa = XCConfigurationList;
			buildConfigurations = (
				3AB0A1412DE1C330000AA503 /* Debug */,
				3AB0A1422DE1C330000AA503 /* Release */,
			);
			defaultConfigurationIsVisible = 0;
			defaultConfigurationName = Release;
		};
		3AB0A1432DE1C330000AA503 /* Build configuration list for PBXNativeTarget "OpenRouterCreditMenuBarTests" */ = {
			isa = XCConfigurationList;
			buildConfigurations = (
				3AB0A1442DE1C330000AA503 /* Debug */,
				3AB0A1452DE1C330000AA503 /* Release */,
			);
			defaultConfigurationIsVisible = 0;
			defaultConfigurationName = Release;
		};
		3AB0A1462DE1C330000AA503 /* Build configuration list for PBXNativeTarget "OpenRouterCreditMenuBarUITests" */ = {
			isa = XCConfigurationList;
			buildConfigurations = (
				3AB0A1472DE1C330000AA503 /* Debug */,
				3AB0A1482DE1C330000AA503 /* Release */,
			);
			defaultConfigurationIsVisible = 0;
			defaultConfigurationName = Release;
		};
/* End XCConfigurationList section */
	};
	rootObject = 3AB0A1162DE1C32E000AA503 /* Project object */;
}
